
Microsoft Visual Studio Solution File, Format Version 12.00
# Visual Studio Version 16
VisualStudioVersion = 16.0.29102.190
MinimumVisualStudioVersion = 10.0.40219.1
Project("{FAE04EC0-301F-11D3-BF4B-00C04F79EFBC}") = "BancoGL", "BancoGL\BancoGL.csproj", "{7A0C2CD8-27E7-46AA-BB5F-C0BADC3BCCB1}"
EndProject
Global
	GlobalSection(SolutionConfigurationPlatforms) = preSolution
		Debug|Any CPU = Debug|Any CPU
		Release|Any CPU = Release|Any CPU
	EndGlobalSection
	GlobalSection(ProjectConfigurationPlatforms) = postSolution
		{7A0C2CD8-27E7-46AA-BB5F-C0BADC3BCCB1}.Debug|Any CPU.ActiveCfg = Debug|Any CPU
		{7A0C2CD8-27E7-46AA-BB5F-C0BADC3BCCB1}.Debug|Any CPU.Build.0 = Debug|Any CPU
		{7A0C2CD8-27E7-46AA-BB5F-C0BADC3BCCB1}.Release|Any CPU.ActiveCfg = Release|Any CPU
		{7A0C2CD8-27E7-46AA-BB5F-C0BADC3BCCB1}.Release|Any CPU.Build.0 = Release|Any CPU
	EndGlobalSection
	GlobalSection(SolutionProperties) = preSolution
		HideSolutionNode = FALSE
	EndGlobalSection
	GlobalSection(ExtensibilityGlobals) = postSolution
		SolutionGuid = {E8766708-BE34-4068-BF6B-2A37534C4598}
	EndGlobalSection
EndGlobal
